
Microsoft Visual Studio Solution File, Format Version 12.00
# Visual Studio Version 16
VisualStudioVersion = 16.0.28803.352
MinimumVisualStudioVersion = 10.0.40219.1
Project("{FAE04EC0-301F-11D3-BF4B-00C04F79EFBC}") = "Store_Management_Ex4.3", "Store_Management_Ex4.3\Store_Management_Ex4.3.csproj", "{73488ADF-D88B-4D52-8293-D8054A3A475F}"
EndProject
Global
	GlobalSection(SolutionConfigurationPlatforms) = preSolution
		Debug|Any CPU = Debug|Any CPU
		Release|Any CPU = Release|Any CPU
	EndGlobalSection
	GlobalSection(ProjectConfigurationPlatforms) = postSolution
		{73488ADF-D88B-4D52-8293-D8054A3A475F}.Debug|Any CPU.ActiveCfg = Debug|Any CPU
		{73488ADF-D88B-4D52-8293-D8054A3A475F}.Debug|Any CPU.Build.0 = Debug|Any CPU
		{73488ADF-D88B-4D52-8293-D8054A3A475F}.Release|Any CPU.ActiveCfg = Release|Any CPU
		{73488ADF-D88B-4D52-8293-D8054A3A475F}.Release|Any CPU.Build.0 = Release|Any CPU
	EndGlobalSection
	GlobalSection(SolutionProperties) = preSolution
		HideSolutionNode = FALSE
	EndGlobalSection
	GlobalSection(ExtensibilityGlobals) = postSolution
		SolutionGuid = {4071392E-04FC-4335-9A02-B516CB78380F}
	EndGlobalSection
EndGlobal
